
Microsoft Visual Studio Solution File, Format Version 12.00
# Visual Studio Version 17
VisualStudioVersion = 17.10.34928.147
MinimumVisualStudioVersion = 10.0.40219.1
Project("{FAE04EC0-301F-11D3-BF4B-00C04F79EFBC}") = "IDistributedCacheRedisApp.Web", "IDistributedCacheRedisApp.Web\IDistributedCacheRedisApp.Web.csproj", "{AD031DEA-2D26-4A15-B5B2-730BDE158489}"
EndProject
Global
	GlobalSection(SolutionConfigurationPlatforms) = preSolution
		Debug|Any CPU = Debug|Any CPU
		Release|Any CPU = Release|Any CPU
	EndGlobalSection
	GlobalSection(ProjectConfigurationPlatforms) = postSolution
		{AD031DEA-2D26-4A15-B5B2-730BDE158489}.Debug|Any CPU.ActiveCfg = Debug|Any CPU
		{AD031DEA-2D26-4A15-B5B2-730BDE158489}.Debug|Any CPU.Build.0 = Debug|Any CPU
		{AD031DEA-2D26-4A15-B5B2-730BDE158489}.Release|Any CPU.ActiveCfg = Release|Any CPU
		{AD031DEA-2D26-4A15-B5B2-730BDE158489}.Release|Any CPU.Build.0 = Release|Any CPU
	EndGlobalSection
	GlobalSection(SolutionProperties) = preSolution
		HideSolutionNode = FALSE
	EndGlobalSection
	GlobalSection(ExtensibilityGlobals) = postSolution
		SolutionGuid = {11B491EB-068F-4A24-842A-1BCC0E69D989}
	EndGlobalSection
EndGlobal
